%{
  "dialyxir": {:hex, :dialyxir, "0.5.1", "b331b091720fd93e878137add264bac4f644e1ddae07a70bf7062c7862c4b952", [:mix], [], "hexpm", "6c32a70ed5d452c6650916555b1f96c79af5fc4bf286997f8b15f213de786f73"},
  "mime": {:hex, :mime, "1.3.1", "30ce04ab3175b6ad0bdce0035cba77bba68b813d523d1aac73d9781b4d193cf8", [:mix], [], "hexpm", "6cbe761d6a0ca5a31a0931bf4c63204bceb64538e664a8ecf784a9a6f3b875f1"},
  "phoenix_html": {:hex, :phoenix_html, "2.14.0", "d8c6bc28acc8e65f8ea0080ee05aa13d912c8758699283b8d3427b655aabe284", [:mix], [{:plug, "~> 1.5", [hex: :plug, repo: "hexpm", optional: false]}], "hexpm", "b0bb30eda478a06dbfbe96728061a93833db3861a49ccb516f839ecb08493fbb"},
  "plug": {:hex, :plug, "1.9.0", "8d7c4e26962283ff9f8f3347bd73838e2413fbc38b7bb5467d5924f68f3a5a4a", [:mix], [{:mime, "~> 1.0", [hex: :mime, repo: "hexpm", optional: false]}, {:plug_crypto, "~> 1.0", [hex: :plug_crypto, repo: "hexpm", optional: false]}, {:telemetry, "~> 0.4", [hex: :telemetry, repo: "hexpm", optional: true]}], "hexpm", "9902eda2c52ada2a096434682e99a2493f5d06a94d6ac6bcfff9805f952350f1"},
  "plug_crypto": {:hex, :plug_crypto, "1.1.0", "854843d59062bf104ffe48fd92ad25a26fa3cc47558a13dd14c3025dc987542e", [:mix], [], "hexpm", "aef0a3aef2e4cda1c50b33cb25a56575117c9b25caaec8a7eb2dd7ce6ce13de5"},
}
